
Microsoft Visual Studio Solution File, Format Version 12.00
# Visual Studio 15
VisualStudioVersion = 15.0.28307.572
MinimumVisualStudioVersion = 10.0.40219.1
Project("{888888A0-9F3D-457C-B088-3A5042F75D52}") = "DjangoChartjsDemo", "DjangoChartjsDemo\DjangoChartjsDemo.pyproj", "{C95600E7-0EE9-44DA-B79A-0C3947F55900}"
EndProject
Global
	GlobalSection(SolutionConfigurationPlatforms) = preSolution
		Debug|Any CPU = Debug|Any CPU
		Release|Any CPU = Release|Any CPU
	EndGlobalSection
	GlobalSection(ProjectConfigurationPlatforms) = postSolution
		{C95600E7-0EE9-44DA-B79A-0C3947F55900}.Debug|Any CPU.ActiveCfg = Debug|Any CPU
		{C95600E7-0EE9-44DA-B79A-0C3947F55900}.Debug|Any CPU.Build.0 = Debug|Any CPU
		{C95600E7-0EE9-44DA-B79A-0C3947F55900}.Release|Any CPU.ActiveCfg = Release|Any CPU
		{C95600E7-0EE9-44DA-B79A-0C3947F55900}.Release|Any CPU.Build.0 = Release|Any CPU
	EndGlobalSection
	GlobalSection(SolutionProperties) = preSolution
		HideSolutionNode = FALSE
	EndGlobalSection
	GlobalSection(ExtensibilityGlobals) = postSolution
		SolutionGuid = {B965468E-1779-4121-9077-13B30DE7F62F}
	EndGlobalSection
EndGlobal
